
Microsoft Visual Studio Solution File, Format Version 12.00
# Visual Studio Version 17
VisualStudioVersion = 17.8.34511.84
MinimumVisualStudioVersion = 10.0.40219.1
Project("{FAE04EC0-301F-11D3-BF4B-00C04F79EFBC}") = "FabricsApplication", "FabricsApplication\FabricsApplication.csproj", "{B4CFE627-014C-44F7-9FE7-7F1A1CF28641}"
EndProject
Global
	GlobalSection(SolutionConfigurationPlatforms) = preSolution
		Debug|Any CPU = Debug|Any CPU
		Release|Any CPU = Release|Any CPU
	EndGlobalSection
	GlobalSection(ProjectConfigurationPlatforms) = postSolution
		{B4CFE627-014C-44F7-9FE7-7F1A1CF28641}.Debug|Any CPU.ActiveCfg = Debug|Any CPU
		{B4CFE627-014C-44F7-9FE7-7F1A1CF28641}.Debug|Any CPU.Build.0 = Debug|Any CPU
		{B4CFE627-014C-44F7-9FE7-7F1A1CF28641}.Release|Any CPU.ActiveCfg = Release|Any CPU
		{B4CFE627-014C-44F7-9FE7-7F1A1CF28641}.Release|Any CPU.Build.0 = Release|Any CPU
	EndGlobalSection
	GlobalSection(SolutionProperties) = preSolution
		HideSolutionNode = FALSE
	EndGlobalSection
	GlobalSection(ExtensibilityGlobals) = postSolution
		SolutionGuid = {7EA1DCC4-8368-497D-8B3F-E57CC03601FC}
	EndGlobalSection
EndGlobal
